// !$*UTF8*$!
{
	archiveVersion = 1;
	classes = {
	};
	objectVersion = 48;
	objects = {

/* Begin PBXBuildFile section */
		11D48AC96E6C23912D5AE6F1 /* Pods_Awesome.framework in Frameworks */ = {isa = PBXBuildFile; fileRef = AEDAD2F01CDEF4565DAB500F /* Pods_Awesome.framework */; };
		CE30B2FE1FCC5AC700026EED /* FAButton.swift in Sources */ = {isa = PBXBuildFile; fileRef = CE30B2FD1FCC5AC700026EED /* FAButton.swift */; };
		CE30B3001FCC62C500026EED /* AddNewItemViewController.swift in Sources */ = {isa = PBXBuildFile; fileRef = CE30B2FF1FCC62C500026EED /* AddNewItemViewController.swift */; };
		CE7F9EB81FC313CC00C7B5B1 /* AppDelegate.swift in Sources */ = {isa = PBXBuildFile; fileRef = CE7F9EB71FC313CC00C7B5B1 /* AppDelegate.swift */; };
		CE7F9EBA1FC313CC00C7B5B1 /* ViewController.swift in Sources */ = {isa = PBXBuildFile; fileRef = CE7F9EB91FC313CC00C7B5B1 /* ViewController.swift */; };
		CE7F9EBD1FC313CC00C7B5B1 /* Main.storyboard in Resources */ = {isa = PBXBuildFile; fileRef = CE7F9EBB1FC313CC00C7B5B1 /* Main.storyboard */; };
		CE7F9EC01FC313CC00C7B5B1 /* Awesome.xcdatamodeld in Sources */ = {isa = PBXBuildFile; fileRef = CE7F9EBE1FC313CC00C7B5B1 /* Awesome.xcdatamodeld */; };
		CE7F9EC21FC313CC00C7B5B1 /* Assets.xcassets in Resources */ = {isa = PBXBuildFile; fileRef = CE7F9EC11FC313CC00C7B5B1 /* Assets.xcassets */; };
		CE7F9EC51FC313CC00C7B5B1 /* LaunchScreen.storyboard in Resources */ = {isa = PBXBuildFile; fileRef = CE7F9EC31FC313CC00C7B5B1 /* LaunchScreen.storyboard */; };
		CE7F9ED01FC313CC00C7B5B1 /* AwesomeTests.swift in Sources */ = {isa = PBXBuildFile; fileRef = CE7F9ECF1FC313CC00C7B5B1 /* AwesomeTests.swift */; };
		CE7F9EDB1FC313CC00C7B5B1 /* AwesomeUITests.swift in Sources */ = {isa = PBXBuildFile; fileRef = CE7F9EDA1FC313CC00C7B5B1 /* AwesomeUITests.swift */; };
		CE7F9EE91FC3146E00C7B5B1 /* ItemsViewController.swift in Sources */ = {isa = PBXBuildFile; fileRef = CE7F9EE81FC3146E00C7B5B1 /* ItemsViewController.swift */; };
		CE7F9EEB1FC326E800C7B5B1 /* ItemCell.swift in Sources */ = {isa = PBXBuildFile; fileRef = CE7F9EEA1FC326E800C7B5B1 /* ItemCell.swift */; };
		CE7F9EED1FC4424C00C7B5B1 /* ItemDetailViewController.swift in Sources */ = {isa = PBXBuildFile; fileRef = CE7F9EEC1FC4424C00C7B5B1 /* ItemDetailViewController.swift */; };
/* End PBXBuildFile section */

/* Begin PBXContainerItemProxy section */
		CE7F9ECC1FC313CC00C7B5B1 /* PBXContainerItemProxy */ = {
			isa = PBXContainerItemProxy;
			containerPortal = CE7F9EAC1FC313CC00C7B5B1 /* Project object */;
			proxyType = 1;
			remoteGlobalIDString = CE7F9EB31FC313CC00C7B5B1;
			remoteInfo = Awesome;
		};
		CE7F9ED71FC313CC00C7B5B1 /* PBXContainerItemProxy */ = {
			isa = PBXContainerItemProxy;
			containerPortal = CE7F9EAC1FC313CC00C7B5B1 /* Project object */;
			proxyType = 1;
			remoteGlobalIDString = CE7F9EB31FC313CC00C7B5B1;
			remoteInfo = Awesome;
		};
/* End PBXContainerItemProxy section */

/* Begin PBXFileReference section */
		9603465E031957406A064860 /* Pods-Awesome.release.xcconfig */ = {isa = PBXFileReference; includeInIndex = 1; lastKnownFileType = text.xcconfig; name = "Pods-Awesome.release.xcconfig"; path = "Pods/Target Support Files/Pods-Awesome/Pods-Awesome.release.xcconfig"; sourceTree = "<group>"; };
		9D5F993AD22545014A57A75E /* Pods-Awesome.debug.xcconfig */ = {isa = PBXFileReference; includeInIndex = 1; lastKnownFileType = text.xcconfig; name = "Pods-Awesome.debug.xcconfig"; path = "Pods/Target Support Files/Pods-Awesome/Pods-Awesome.debug.xcconfig"; sourceTree = "<group>"; };
		AEDAD2F01CDEF4565DAB500F /* Pods_Awesome.framework */ = {isa = PBXFileReference; explicitFileType = wrapper.framework; includeInIndex = 0; path = Pods_Awesome.framework; sourceTree = BUILT_PRODUCTS_DIR; };
		CE30B2FD1FCC5AC700026EED /* FAButton.swift */ = {isa = PBXFileReference; lastKnownFileType = sourcecode.swift; path = FAButton.swift; sourceTree = "<group>"; };
		CE30B2FF1FCC62C500026EED /* AddNewItemViewController.swift */ = {isa = PBXFileReference; lastKnownFileType = sourcecode.swift; path = AddNewItemViewController.swift; sourceTree = "<group>"; };
		CE7F9EB41FC313CC00C7B5B1 /* Awesome.app */ = {isa = PBXFileReference; explicitFileType = wrapper.application; includeInIndex = 0; path = Awesome.app; sourceTree = BUILT_PRODUCTS_DIR; };
		CE7F9EB71FC313CC00C7B5B1 /* AppDelegate.swift */ = {isa = PBXFileReference; lastKnownFileType = sourcecode.swift; path = AppDelegate.swift; sourceTree = "<group>"; };
		CE7F9EB91FC313CC00C7B5B1 /* ViewController.swift */ = {isa = PBXFileReference; lastKnownFileType = sourcecode.swift; path = ViewController.swift; sourceTree = "<group>"; };
		CE7F9EBC1FC313CC00C7B5B1 /* Base */ = {isa = PBXFileReference; lastKnownFileType = file.storyboard; name = Base; path = Base.lproj/Main.storyboard; sourceTree = "<group>"; };
		CE7F9EBF1FC313CC00C7B5B1 /* Awesome.xcdatamodel */ = {isa = PBXFileReference; lastKnownFileType = wrapper.xcdatamodel; path = Awesome.xcdatamodel; sourceTree = "<group>"; };
		CE7F9EC11FC313CC00C7B5B1 /* Assets.xcassets */ = {isa = PBXFileReference; lastKnownFileType = folder.assetcatalog; path = Assets.xcassets; sourceTree = "<group>"; };
		CE7F9EC41FC313CC00C7B5B1 /* Base */ = {isa = PBXFileReference; lastKnownFileType = file.storyboard; name = Base; path = Base.lproj/LaunchScreen.storyboard; sourceTree = "<group>"; };
		CE7F9EC61FC313CC00C7B5B1 /* Info.plist */ = {isa = PBXFileReference; lastKnownFileType = text.plist.xml; path = Info.plist; sourceTree = "<group>"; };
		CE7F9ECB1FC313CC00C7B5B1 /* AwesomeTests.xctest */ = {isa = PBXFileReference; explicitFileType = wrapper.cfbundle; includeInIndex = 0; path = AwesomeTests.xctest; sourceTree = BUILT_PRODUCTS_DIR; };
		CE7F9ECF1FC313CC00C7B5B1 /* AwesomeTests.swift */ = {isa = PBXFileReference; lastKnownFileType = sourcecode.swift; path = AwesomeTests.swift; sourceTree = "<group>"; };
		CE7F9ED11FC313CC00C7B5B1 /* Info.plist */ = {isa = PBXFileReference; lastKnownFileType = text.plist.xml; path = Info.plist; sourceTree = "<group>"; };
		CE7F9ED61FC313CC00C7B5B1 /* AwesomeUITests.xctest */ = {isa = PBXFileReference; explicitFileType = wrapper.cfbundle; includeInIndex = 0; path = AwesomeUITests.xctest; sourceTree = BUILT_PRODUCTS_DIR; };
		CE7F9EDA1FC313CC00C7B5B1 /* AwesomeUITests.swift */ = {isa = PBXFileReference; lastKnownFileType = sourcecode.swift; path = AwesomeUITests.swift; sourceTree = "<group>"; };
		CE7F9EDC1FC313CC00C7B5B1 /* Info.plist */ = {isa = PBXFileReference; lastKnownFileType = text.plist.xml; path = Info.plist; sourceTree = "<group>"; };
		CE7F9EE81FC3146E00C7B5B1 /* ItemsViewController.swift */ = {isa = PBXFileReference; lastKnownFileType = sourcecode.swift; path = ItemsViewController.swift; sourceTree = "<group>"; };
		CE7F9EEA1FC326E800C7B5B1 /* ItemCell.swift */ = {isa = PBXFileReference; lastKnownFileType = sourcecode.swift; path = ItemCell.swift; sourceTree = "<group>"; };
		CE7F9EEC1FC4424C00C7B5B1 /* ItemDetailViewController.swift */ = {isa = PBXFileReference; lastKnownFileType = sourcecode.swift; path = ItemDetailViewController.swift; sourceTree = "<group>"; };
/* End PBXFileReference section */

/* Begin PBXFrameworksBuildPhase section */
		CE7F9EB11FC313CC00C7B5B1 /* Frameworks */ = {
			isa = PBXFrameworksBuildPhase;
			buildActionMask = 2147483647;
			files = (
				11D48AC96E6C23912D5AE6F1 /* Pods_Awesome.framework in Frameworks */,
			);
			runOnlyForDeploymentPostprocessing = 0;
		};
		CE7F9EC81FC313CC00C7B5B1 /* Frameworks */ = {
			isa = PBXFrameworksBuildPhase;
			buildActionMask = 2147483647;
			files = (
			);
			runOnlyForDeploymentPostprocessing = 0;
		};
		CE7F9ED31FC313CC00C7B5B1 /* Frameworks */ = {
			isa = PBXFrameworksBuildPhase;
			buildActionMask = 2147483647;
			files = (
			);
			runOnlyForDeploymentPostprocessing = 0;
		};
/* End PBXFrameworksBuildPhase section */

/* Begin PBXGroup section */
		250462364F52C14812C87DE1 /* Frameworks */ = {
			isa = PBXGroup;
			children = (
				AEDAD2F01CDEF4565DAB500F /* Pods_Awesome.framework */,
			);
			name = Frameworks;
			sourceTree = "<group>";
		};
		A2F5D28E59E97D8212AFA4DB /* Pods */ = {
			isa = PBXGroup;
			children = (
				9D5F993AD22545014A57A75E /* Pods-Awesome.debug.xcconfig */,
				9603465E031957406A064860 /* Pods-Awesome.release.xcconfig */,
			);
			name = Pods;
			sourceTree = "<group>";
		};
		CE7F9EAB1FC313CC00C7B5B1 = {
			isa = PBXGroup;
			children = (
				CE7F9EB61FC313CC00C7B5B1 /* Awesome */,
				CE7F9ECE1FC313CC00C7B5B1 /* AwesomeTests */,
				CE7F9ED91FC313CC00C7B5B1 /* AwesomeUITests */,
				CE7F9EB51FC313CC00C7B5B1 /* Products */,
				A2F5D28E59E97D8212AFA4DB /* Pods */,
				250462364F52C14812C87DE1 /* Frameworks */,
			);
			sourceTree = "<group>";
		};
		CE7F9EB51FC313CC00C7B5B1 /* Products */ = {
			isa = PBXGroup;
			children = (
				CE7F9EB41FC313CC00C7B5B1 /* Awesome.app */,
				CE7F9ECB1FC313CC00C7B5B1 /* AwesomeTests.xctest */,
				CE7F9ED61FC313CC00C7B5B1 /* AwesomeUITests.xctest */,
			);
			name = Products;
			sourceTree = "<group>";
		};
		CE7F9EB61FC313CC00C7B5B1 /* Awesome */ = {
			isa = PBXGroup;
			children = (
				CE7F9EB71FC313CC00C7B5B1 /* AppDelegate.swift */,
				CE7F9EB91FC313CC00C7B5B1 /* ViewController.swift */,
				CE7F9EBB1FC313CC00C7B5B1 /* Main.storyboard */,
				CE7F9EC11FC313CC00C7B5B1 /* Assets.xcassets */,
				CE7F9EC31FC313CC00C7B5B1 /* LaunchScreen.storyboard */,
				CE7F9EC61FC313CC00C7B5B1 /* Info.plist */,
				CE7F9EBE1FC313CC00C7B5B1 /* Awesome.xcdatamodeld */,
				CE7F9EE81FC3146E00C7B5B1 /* ItemsViewController.swift */,
				CE7F9EEA1FC326E800C7B5B1 /* ItemCell.swift */,
				CE7F9EEC1FC4424C00C7B5B1 /* ItemDetailViewController.swift */,
				CE30B2FD1FCC5AC700026EED /* FAButton.swift */,
				CE30B2FF1FCC62C500026EED /* AddNewItemViewController.swift */,
			);
			path = Awesome;
			sourceTree = "<group>";
		};
		CE7F9ECE1FC313CC00C7B5B1 /* AwesomeTests */ = {
			isa = PBXGroup;
			children = (
				CE7F9ECF1FC313CC00C7B5B1 /* AwesomeTests.swift */,
				CE7F9ED11FC313CC00C7B5B1 /* Info.plist */,
			);
			path = AwesomeTests;
			sourceTree = "<group>";
		};
		CE7F9ED91FC313CC00C7B5B1 /* AwesomeUITests */ = {
			isa = PBXGroup;
			children = (
				CE7F9EDA1FC313CC00C7B5B1 /* AwesomeUITests.swift */,
				CE7F9EDC1FC313CC00C7B5B1 /* Info.plist */,
			);
			path = AwesomeUITests;
			sourceTree = "<group>";
		};
/* End PBXGroup section */

/* Begin PBXNativeTarget section */
		CE7F9EB31FC313CC00C7B5B1 /* Awesome */ = {
			isa = PBXNativeTarget;
			buildConfigurationList = CE7F9EDF1FC313CC00C7B5B1 /* Build configuration list for PBXNativeTarget "Awesome" */;
			buildPhases = (
				7787E16C906129524FFC620C /* [CP] Check Pods Manifest.lock */,
				CE7F9EB01FC313CC00C7B5B1 /* Sources */,
				CE7F9EB11FC313CC00C7B5B1 /* Frameworks */,
				CE7F9EB21FC313CC00C7B5B1 /* Resources */,
				FEEF3410EADCEFDABE564614 /* [CP] Embed Pods Frameworks */,
				46BC65D73494D9C4334778FD /* [CP] Copy Pods Resources */,
			);
			buildRules = (
			);
			dependencies = (
			);
			name = Awesome;
			productName = Awesome;
			productReference = CE7F9EB41FC313CC00C7B5B1 /* Awesome.app */;
			productType = "com.apple.product-type.application";
		};
		CE7F9ECA1FC313CC00C7B5B1 /* AwesomeTests */ = {
			isa = PBXNativeTarget;
			buildConfigurationList = CE7F9EE21FC313CC00C7B5B1 /* Build configuration list for PBXNativeTarget "AwesomeTests" */;
			buildPhases = (
				CE7F9EC71FC313CC00C7B5B1 /* Sources */,
				CE7F9EC81FC313CC00C7B5B1 /* Frameworks */,
				CE7F9EC91FC313CC00C7B5B1 /* Resources */,
			);
			buildRules = (
			);
			dependencies = (
				CE7F9ECD1FC313CC00C7B5B1 /* PBXTargetDependency */,
			);
			name = AwesomeTests;
			productName = AwesomeTests;
			productReference = CE7F9ECB1FC313CC00C7B5B1 /* AwesomeTests.xctest */;
			productType = "com.apple.product-type.bundle.unit-test";
		};
		CE7F9ED51FC313CC00C7B5B1 /* AwesomeUITests */ = {
			isa = PBXNativeTarget;
			buildConfigurationList = CE7F9EE51FC313CC00C7B5B1 /* Build configuration list for PBXNativeTarget "AwesomeUITests" */;
			buildPhases = (
				CE7F9ED21FC313CC00C7B5B1 /* Sources */,
				CE7F9ED31FC313CC00C7B5B1 /* Frameworks */,
				CE7F9ED41FC313CC00C7B5B1 /* Resources */,
			);
			buildRules = (
			);
			dependencies = (
				CE7F9ED81FC313CC00C7B5B1 /* PBXTargetDependency */,
			);
			name = AwesomeUITests;
			productName = AwesomeUITests;
			productReference = CE7F9ED61FC313CC00C7B5B1 /* AwesomeUITests.xctest */;
			productType = "com.apple.product-type.bundle.ui-testing";
		};
/* End PBXNativeTarget section */

/* Begin PBXProject section */
		CE7F9EAC1FC313CC00C7B5B1 /* Project object */ = {
			isa = PBXProject;
			attributes = {
				LastSwiftUpdateCheck = 0910;
				LastUpgradeCheck = 0910;
				ORGANIZATIONNAME = Artak;
				TargetAttributes = {
					CE7F9EB31FC313CC00C7B5B1 = {
						CreatedOnToolsVersion = 9.1;
						ProvisioningStyle = Automatic;
					};
					CE7F9ECA1FC313CC00C7B5B1 = {
						CreatedOnToolsVersion = 9.1;
						ProvisioningStyle = Automatic;
						TestTargetID = CE7F9EB31FC313CC00C7B5B1;
					};
					CE7F9ED51FC313CC00C7B5B1 = {
						CreatedOnToolsVersion = 9.1;
						ProvisioningStyle = Automatic;
						TestTargetID = CE7F9EB31FC313CC00C7B5B1;
					};
				};
			};
			buildConfigurationList = CE7F9EAF1FC313CC00C7B5B1 /* Build configuration list for PBXProject "Awesome" */;
			compatibilityVersion = "Xcode 8.0";
			developmentRegion = en;
			hasScannedForEncodings = 0;
			knownRegions = (
				en,
				Base,
			);
			mainGroup = CE7F9EAB1FC313CC00C7B5B1;
			productRefGroup = CE7F9EB51FC313CC00C7B5B1 /* Products */;
			projectDirPath = "";
			projectRoot = "";
			targets = (
				CE7F9EB31FC313CC00C7B5B1 /* Awesome */,
				CE7F9ECA1FC313CC00C7B5B1 /* AwesomeTests */,
				CE7F9ED51FC313CC00C7B5B1 /* AwesomeUITests */,
			);
		};
/* End PBXProject section */

/* Begin PBXResourcesBuildPhase section */
		CE7F9EB21FC313CC00C7B5B1 /* Resources */ = {
			isa = PBXResourcesBuildPhase;
			buildActionMask = 2147483647;
			files = (
				CE7F9EC51FC313CC00C7B5B1 /* LaunchScreen.storyboard in Resources */,
				CE7F9EC21FC313CC00C7B5B1 /* Assets.xcassets in Resources */,
				CE7F9EBD1FC313CC00C7B5B1 /* Main.storyboard in Resources */,
			);
			runOnlyForDeploymentPostprocessing = 0;
		};
		CE7F9EC91FC313CC00C7B5B1 /* Resources */ = {
			isa = PBXResourcesBuildPhase;
			buildActionMask = 2147483647;
			files = (
			);
			runOnlyForDeploymentPostprocessing = 0;
		};
		CE7F9ED41FC313CC00C7B5B1 /* Resources */ = {
			isa = PBXResourcesBuildPhase;
			buildActionMask = 2147483647;
			files = (
			);
			runOnlyForDeploymentPostprocessing = 0;
		};
/* End PBXResourcesBuildPhase section */

/* Begin PBXShellScriptBuildPhase section */
		46BC65D73494D9C4334778FD /* [CP] Copy Pods Resources */ = {
			isa = PBXShellScriptBuildPhase;
			buildActionMask = 2147483647;
			files = (
			);
			inputPaths = (
			);
			name = "[CP] Copy Pods Resources";
			outputPaths = (
			);
			runOnlyForDeploymentPostprocessing = 0;
			shellPath = /bin/sh;
			shellScript = "\"${SRCROOT}/Pods/Target Support Files/Pods-Awesome/Pods-Awesome-resources.sh\"\n";
			showEnvVarsInLog = 0;
		};
		7787E16C906129524FFC620C /* [CP] Check Pods Manifest.lock */ = {
			isa = PBXShellScriptBuildPhase;
			buildActionMask = 2147483647;
			files = (
			);
			inputPaths = (
				"${PODS_PODFILE_DIR_PATH}/Podfile.lock",
				"${PODS_ROOT}/Manifest.lock",
			);
			name = "[CP] Check Pods Manifest.lock";
			outputPaths = (
				"$(DERIVED_FILE_DIR)/Pods-Awesome-checkManifestLockResult.txt",
			);
			runOnlyForDeploymentPostprocessing = 0;
			shellPath = /bin/sh;
			shellScript = "diff \"${PODS_PODFILE_DIR_PATH}/Podfile.lock\" \"${PODS_ROOT}/Manifest.lock\" > /dev/null\nif [ $? != 0 ] ; then\n    # print error to STDERR\n    echo \"error: The sandbox is not in sync with the Podfile.lock. Run 'pod install' or update your CocoaPods installation.\" >&2\n    exit 1\nfi\n# This output is used by Xcode 'outputs' to avoid re-running this script phase.\necho \"SUCCESS\" > \"${SCRIPT_OUTPUT_FILE_0}\"\n";
			showEnvVarsInLog = 0;
		};
		FEEF3410EADCEFDABE564614 /* [CP] Embed Pods Frameworks */ = {
			isa = PBXShellScriptBuildPhase;
			buildActionMask = 2147483647;
			files = (
			);
			inputPaths = (
				"${SRCROOT}/Pods/Target Support Files/Pods-Awesome/Pods-Awesome-frameworks.sh",
				"${BUILT_PRODUCTS_DIR}/Alamofire/Alamofire.framework",
			);
			name = "[CP] Embed Pods Frameworks";
			outputPaths = (
				"${TARGET_BUILD_DIR}/${FRAMEWORKS_FOLDER_PATH}/Alamofire.framework",
			);
			runOnlyForDeploymentPostprocessing = 0;
			shellPath = /bin/sh;
			shellScript = "\"${SRCROOT}/Pods/Target Support Files/Pods-Awesome/Pods-Awesome-frameworks.sh\"\n";
			showEnvVarsInLog = 0;
		};
/* End PBXShellScriptBuildPhase section */

/* Begin PBXSourcesBuildPhase section */
		CE7F9EB01FC313CC00C7B5B1 /* Sources */ = {
			isa = PBXSourcesBuildPhase;
			buildActionMask = 2147483647;
			files = (
				CE7F9EC01FC313CC00C7B5B1 /* Awesome.xcdatamodeld in Sources */,
				CE7F9EE91FC3146E00C7B5B1 /* ItemsViewController.swift in Sources */,
				CE30B3001FCC62C500026EED /* AddNewItemViewController.swift in Sources */,
				CE7F9EED1FC4424C00C7B5B1 /* ItemDetailViewController.swift in Sources */,
				CE7F9EBA1FC313CC00C7B5B1 /* ViewController.swift in Sources */,
				CE30B2FE1FCC5AC700026EED /* FAButton.swift in Sources */,
				CE7F9EB81FC313CC00C7B5B1 /* AppDelegate.swift in Sources */,
				CE7F9EEB1FC326E800C7B5B1 /* ItemCell.swift in Sources */,
			);
			runOnlyForDeploymentPostprocessing = 0;
		};
		CE7F9EC71FC313CC00C7B5B1 /* Sources */ = {
			isa = PBXSourcesBuildPhase;
			buildActionMask = 2147483647;
			files = (
				CE7F9ED01FC313CC00C7B5B1 /* AwesomeTests.swift in Sources */,
			);
			runOnlyForDeploymentPostprocessing = 0;
		};
		CE7F9ED21FC313CC00C7B5B1 /* Sources */ = {
			isa = PBXSourcesBuildPhase;
			buildActionMask = 2147483647;
			files = (
				CE7F9EDB1FC313CC00C7B5B1 /* AwesomeUITests.swift in Sources */,
			);
			runOnlyForDeploymentPostprocessing = 0;
		};
/* End PBXSourcesBuildPhase section */

/* Begin PBXTargetDependency section */
		CE7F9ECD1FC313CC00C7B5B1 /* PBXTargetDependency */ = {
			isa = PBXTargetDependency;
			target = CE7F9EB31FC313CC00C7B5B1 /* Awesome */;
			targetProxy = CE7F9ECC1FC313CC00C7B5B1 /* PBXContainerItemProxy */;
		};
		CE7F9ED81FC313CC00C7B5B1 /* PBXTargetDependency */ = {
			isa = PBXTargetDependency;
			target = CE7F9EB31FC313CC00C7B5B1 /* Awesome */;
			targetProxy = CE7F9ED71FC313CC00C7B5B1 /* PBXContainerItemProxy */;
		};
/* End PBXTargetDependency section */

/* Begin PBXVariantGroup section */
		CE7F9EBB1FC313CC00C7B5B1 /* Main.storyboard */ = {
			isa = PBXVariantGroup;
			children = (
				CE7F9EBC1FC313CC00C7B5B1 /* Base */,
			);
			name = Main.storyboard;
			sourceTree = "<group>";
		};
		CE7F9EC31FC313CC00C7B5B1 /* LaunchScreen.storyboard */ = {
			isa = PBXVariantGroup;
			children = (
				CE7F9EC41FC313CC00C7B5B1 /* Base */,
			);
			name = LaunchScreen.storyboard;
			sourceTree = "<group>";
		};
/* End PBXVariantGroup section */

/* Begin XCBuildConfiguration section */
		CE7F9EDD1FC313CC00C7B5B1 /* Debug */ = {
			isa = XCBuildConfiguration;
			buildSettings = {
				ALWAYS_SEARCH_USER_PATHS = NO;
				CLANG_ANALYZER_NONNULL = YES;
				CLANG_ANALYZER_NUMBER_OBJECT_CONVERSION = YES_AGGRESSIVE;
				CLANG_CXX_LANGUAGE_STANDARD = "gnu++14";
				CLANG_CXX_LIBRARY = "libc++";
				CLANG_ENABLE_MODULES = YES;
				CLANG_ENABLE_OBJC_ARC = YES;
				CLANG_WARN_BLOCK_CAPTURE_AUTORELEASING = YES;
				CLANG_WARN_BOOL_CONVERSION = YES;
				CLANG_WARN_COMMA = YES;
				CLANG_WARN_CONSTANT_CONVERSION = YES;
				CLANG_WARN_DIRECT_OBJC_ISA_USAGE = YES_ERROR;
				CLANG_WARN_DOCUMENTATION_COMMENTS = YES;
				CLANG_WARN_EMPTY_BODY = YES;
				CLANG_WARN_ENUM_CONVERSION = YES;
				CLANG_WARN_INFINITE_RECURSION = YES;
				CLANG_WARN_INT_CONVERSION = YES;
				CLANG_WARN_NON_LITERAL_NULL_CONVERSION = YES;
				CLANG_WARN_OBJC_LITERAL_CONVERSION = YES;
				CLANG_WARN_OBJC_ROOT_CLASS = YES_ERROR;
				CLANG_WARN_RANGE_LOOP_ANALYSIS = YES;
				CLANG_WARN_STRICT_PROTOTYPES = YES;
				CLANG_WARN_SUSPICIOUS_MOVE = YES;
				CLANG_WARN_UNGUARDED_AVAILABILITY = YES_AGGRESSIVE;
				CLANG_WARN_UNREACHABLE_CODE = YES;
				CLANG_WARN__DUPLICATE_METHOD_MATCH = YES;
				CODE_SIGN_IDENTITY = "iPhone Developer";
				COPY_PHASE_STRIP = NO;
				DEBUG_INFORMATION_FORMAT = dwarf;
				ENABLE_STRICT_OBJC_MSGSEND = YES;
				ENABLE_TESTABILITY = YES;
				GCC_C_LANGUAGE_STANDARD = gnu11;
				GCC_DYNAMIC_NO_PIC = NO;
				GCC_NO_COMMON_BLOCKS = YES;
				GCC_OPTIMIZATION_LEVEL = 0;
				GCC_PREPROCESSOR_DEFINITIONS = (
					"DEBUG=1",
					"$(inherited)",
				);
				GCC_WARN_64_TO_32_BIT_CONVERSION = YES;
				GCC_WARN_ABOUT_RETURN_TYPE = YES_ERROR;
				GCC_WARN_UNDECLARED_SELECTOR = YES;
				GCC_WARN_UNINITIALIZED_AUTOS = YES_AGGRESSIVE;
				GCC_WARN_UNUSED_FUNCTION = YES;
				GCC_WARN_UNUSED_VARIABLE = YES;
				IPHONEOS_DEPLOYMENT_TARGET = 11.1;
				MTL_ENABLE_DEBUG_INFO = YES;
				ONLY_ACTIVE_ARCH = YES;
				SDKROOT = iphoneos;
				SWIFT_ACTIVE_COMPILATION_CONDITIONS = DEBUG;
				SWIFT_OPTIMIZATION_LEVEL = "-Onone";
			};
			name = Debug;
		};
		CE7F9EDE1FC313CC00C7B5B1 /* Release */ = {
			isa = XCBuildConfiguration;
			buildSettings = {
				ALWAYS_SEARCH_USER_PATHS = NO;
				CLANG_ANALYZER_NONNULL = YES;
				CLANG_ANALYZER_NUMBER_OBJECT_CONVERSION = YES_AGGRESSIVE;
				CLANG_CXX_LANGUAGE_STANDARD = "gnu++14";
				CLANG_CXX_LIBRARY = "libc++";
				CLANG_ENABLE_MODULES = YES;
				CLANG_ENABLE_OBJC_ARC = YES;
				CLANG_WARN_BLOCK_CAPTURE_AUTORELEASING = YES;
				CLANG_WARN_BOOL_CONVERSION = YES;
				CLANG_WARN_COMMA = YES;
				CLANG_WARN_CONSTANT_CONVERSION = YES;
				CLANG_WARN_DIRECT_OBJC_ISA_USAGE = YES_ERROR;
				CLANG_WARN_DOCUMENTATION_COMMENTS = YES;
				CLANG_WARN_EMPTY_BODY = YES;
				CLANG_WARN_ENUM_CONVERSION = YES;
				CLANG_WARN_INFINITE_RECURSION = YES;
				CLANG_WARN_INT_CONVERSION = YES;
				CLANG_WARN_NON_LITERAL_NULL_CONVERSION = YES;
				CLANG_WARN_OBJC_LITERAL_CONVERSION = YES;
				CLANG_WARN_OBJC_ROOT_CLASS = YES_ERROR;
				CLANG_WARN_RANGE_LOOP_ANALYSIS = YES;
				CLANG_WARN_STRICT_PROTOTYPES = YES;
				CLANG_WARN_SUSPICIOUS_MOVE = YES;
				CLANG_WARN_UNGUARDED_AVAILABILITY = YES_AGGRESSIVE;
				CLANG_WARN_UNREACHABLE_CODE = YES;
				CLANG_WARN__DUPLICATE_METHOD_MATCH = YES;
				CODE_SIGN_IDENTITY = "iPhone Developer";
				COPY_PHASE_STRIP = NO;
				DEBUG_INFORMATION_FORMAT = "dwarf-with-dsym";
				ENABLE_NS_ASSERTIONS = NO;
				ENABLE_STRICT_OBJC_MSGSEND = YES;
				GCC_C_LANGUAGE_STANDARD = gnu11;
				GCC_NO_COMMON_BLOCKS = YES;
				GCC_WARN_64_TO_32_BIT_CONVERSION = YES;
				GCC_WARN_ABOUT_RETURN_TYPE = YES_ERROR;
				GCC_WARN_UNDECLARED_SELECTOR = YES;
				GCC_WARN_UNINITIALIZED_AUTOS = YES_AGGRESSIVE;
				GCC_WARN_UNUSED_FUNCTION = YES;
				GCC_WARN_UNUSED_VARIABLE = YES;
				IPHONEOS_DEPLOYMENT_TARGET = 11.1;
				MTL_ENABLE_DEBUG_INFO = NO;
				SDKROOT = iphoneos;
				SWIFT_OPTIMIZATION_LEVEL = "-Owholemodule";
				VALIDATE_PRODUCT = YES;
			};
			name = Release;
		};
		CE7F9EE01FC313CC00C7B5B1 /* Debug */ = {
			isa = XCBuildConfiguration;
			baseConfigurationReference = 9D5F993AD22545014A57A75E /* Pods-Awesome.debug.xcconfig */;
			buildSettings = {
				ASSETCATALOG_COMPILER_APPICON_NAME = AppIcon;
				CODE_SIGN_STYLE = Automatic;
				DEVELOPMENT_TEAM = F5RRG2L35B;
				INFOPLIST_FILE = Awesome/Info.plist;
				IPHONEOS_DEPLOYMENT_TARGET = 10.0;
				LD_RUNPATH_SEARCH_PATHS = "$(inherited) @executable_path/Frameworks";
				PRODUCT_BUNDLE_IDENTIFIER = com.ama.Awesome;
				PRODUCT_NAME = "$(TARGET_NAME)";
				SWIFT_VERSION = 4.0;
				TARGETED_DEVICE_FAMILY = "1,2";
			};
			name = Debug;
		};
		CE7F9EE11FC313CC00C7B5B1 /* Release */ = {
			isa = XCBuildConfiguration;
			baseConfigurationReference = 9603465E031957406A064860 /* Pods-Awesome.release.xcconfig */;
			buildSettings = {
				ASSETCATALOG_COMPILER_APPICON_NAME = AppIcon;
				CODE_SIGN_STYLE = Automatic;
				DEVELOPMENT_TEAM = F5RRG2L35B;
				INFOPLIST_FILE = Awesome/Info.plist;
				IPHONEOS_DEPLOYMENT_TARGET = 10.0;
				LD_RUNPATH_SEARCH_PATHS = "$(inherited) @executable_path/Frameworks";
				PRODUCT_BUNDLE_IDENTIFIER = com.ama.Awesome;
				PRODUCT_NAME = "$(TARGET_NAME)";
				SWIFT_VERSION = 4.0;
				TARGETED_DEVICE_FAMILY = "1,2";
			};
			name = Release;
		};
		CE7F9EE31FC313CC00C7B5B1 /* Debug */ = {
			isa = XCBuildConfiguration;
			buildSettings = {
				ALWAYS_EMBED_SWIFT_STANDARD_LIBRARIES = YES;
				BUNDLE_LOADER = "$(TEST_HOST)";
				CODE_SIGN_STYLE = Automatic;
				DEVELOPMENT_TEAM = F5RRG2L35B;
				INFOPLIST_FILE = AwesomeTests/Info.plist;
				LD_RUNPATH_SEARCH_PATHS = "$(inherited) @executable_path/Frameworks @loader_path/Frameworks";
				PRODUCT_BUNDLE_IDENTIFIER = com.ama.AwesomeTests;
				PRODUCT_NAME = "$(TARGET_NAME)";
				SWIFT_VERSION = 4.0;
				TARGETED_DEVICE_FAMILY = "1,2";
				TEST_HOST = "$(BUILT_PRODUCTS_DIR)/Awesome.app/Awesome";
			};
			name = Debug;
		};
		CE7F9EE41FC313CC00C7B5B1 /* Release */ = {
			isa = XCBuildConfiguration;
			buildSettings = {
				ALWAYS_EMBED_SWIFT_STANDARD_LIBRARIES = YES;
				BUNDLE_LOADER = "$(TEST_HOST)";
				CODE_SIGN_STYLE = Automatic;
				DEVELOPMENT_TEAM = F5RRG2L35B;
				INFOPLIST_FILE = AwesomeTests/Info.plist;
				LD_RUNPATH_SEARCH_PATHS = "$(inherited) @executable_path/Frameworks @loader_path/Frameworks";
				PRODUCT_BUNDLE_IDENTIFIER = com.ama.AwesomeTests;
				PRODUCT_NAME = "$(TARGET_NAME)";
				SWIFT_VERSION = 4.0;
				TARGETED_DEVICE_FAMILY = "1,2";
				TEST_HOST = "$(BUILT_PRODUCTS_DIR)/Awesome.app/Awesome";
			};
			name = Release;
		};
		CE7F9EE61FC313CC00C7B5B1 /* Debug */ = {
			isa = XCBuildConfiguration;
			buildSettings = {
				ALWAYS_EMBED_SWIFT_STANDARD_LIBRARIES = YES;
				CODE_SIGN_STYLE = Automatic;
				DEVELOPMENT_TEAM = F5RRG2L35B;
				INFOPLIST_FILE = AwesomeUITests/Info.plist;
				LD_RUNPATH_SEARCH_PATHS = "$(inherited) @executable_path/Frameworks @loader_path/Frameworks";
				PRODUCT_BUNDLE_IDENTIFIER = com.ama.AwesomeUITests;
				PRODUCT_NAME = "$(TARGET_NAME)";
				SWIFT_VERSION = 4.0;
				TARGETED_DEVICE_FAMILY = "1,2";
				TEST_TARGET_NAME = Awesome;
			};
			name = Debug;
		};
		CE7F9EE71FC313CC00C7B5B1 /* Release */ = {
			isa = XCBuildConfiguration;
			buildSettings = {
				ALWAYS_EMBED_SWIFT_STANDARD_LIBRARIES = YES;
				CODE_SIGN_STYLE = Automatic;
				DEVELOPMENT_TEAM = F5RRG2L35B;
				INFOPLIST_FILE = AwesomeUITests/Info.plist;
				LD_RUNPATH_SEARCH_PATHS = "$(inherited) @executable_path/Frameworks @loader_path/Frameworks";
				PRODUCT_BUNDLE_IDENTIFIER = com.ama.AwesomeUITests;
				PRODUCT_NAME = "$(TARGET_NAME)";
				SWIFT_VERSION = 4.0;
				TARGETED_DEVICE_FAMILY = "1,2";
				TEST_TARGET_NAME = Awesome;
			};
			name = Release;
		};
/* End XCBuildConfiguration section */

/* Begin XCConfigurationList section */
		CE7F9EAF1FC313CC00C7B5B1 /* Build configuration list for PBXProject "Awesome" */ = {
			isa = XCConfigurationList;
			buildConfigurations = (
				CE7F9EDD1FC313CC00C7B5B1 /* Debug */,
				CE7F9EDE1FC313CC00C7B5B1 /* Release */,
			);
			defaultConfigurationIsVisible = 0;
			defaultConfigurationName = Release;
		};
		CE7F9EDF1FC313CC00C7B5B1 /* Build configuration list for PBXNativeTarget "Awesome" */ = {
			isa = XCConfigurationList;
			buildConfigurations = (
				CE7F9EE01FC313CC00C7B5B1 /* Debug */,
				CE7F9EE11FC313CC00C7B5B1 /* Release */,
			);
			defaultConfigurationIsVisible = 0;
			defaultConfigurationName = Release;
		};
		CE7F9EE21FC313CC00C7B5B1 /* Build configuration list for PBXNativeTarget "AwesomeTests" */ = {
			isa = XCConfigurationList;
			buildConfigurations = (
				CE7F9EE31FC313CC00C7B5B1 /* Debug */,
				CE7F9EE41FC313CC00C7B5B1 /* Release */,
			);
			defaultConfigurationIsVisible = 0;
			defaultConfigurationName = Release;
		};
		CE7F9EE51FC313CC00C7B5B1 /* Build configuration list for PBXNativeTarget "AwesomeUITests" */ = {
			isa = XCConfigurationList;
			buildConfigurations = (
				CE7F9EE61FC313CC00C7B5B1 /* Debug */,
				CE7F9EE71FC313CC00C7B5B1 /* Release */,
			);
			defaultConfigurationIsVisible = 0;
			defaultConfigurationName = Release;
		};
/* End XCConfigurationList section */

/* Begin XCVersionGroup section */
		CE7F9EBE1FC313CC00C7B5B1 /* Awesome.xcdatamodeld */ = {
			isa = XCVersionGroup;
			children = (
				CE7F9EBF1FC313CC00C7B5B1 /* Awesome.xcdatamodel */,
			);
			currentVersion = CE7F9EBF1FC313CC00C7B5B1 /* Awesome.xcdatamodel */;
			path = Awesome.xcdatamodeld;
			sourceTree = "<group>";
			versionGroupType = wrapper.xcdatamodel;
		};
/* End XCVersionGroup section */
	};
	rootObject = CE7F9EAC1FC313CC00C7B5B1 /* Project object */;
}
